// !$*UTF8*$!
{
	archiveVersion = 1;
	classes = {
	};
	objectVersion = 46;
	objects = {

/* Begin PBXBuildFile section */
		83110F4A1DB06A100098BA06 /* AppDelegate.swift in Sources */ = {isa = PBXBuildFile; fileRef = 83110F491DB06A100098BA06 /* AppDelegate.swift */; };
		83110F4C1DB06A100098BA06 /* ViewController.swift in Sources */ = {isa = PBXBuildFile; fileRef = 83110F4B1DB06A100098BA06 /* ViewController.swift */; };
		83110F4F1DB06A100098BA06 /* Main.storyboard in Resources */ = {isa = PBXBuildFile; fileRef = 83110F4D1DB06A100098BA06 /* Main.storyboard */; };
		83110F511DB06A100098BA06 /* Assets.xcassets in Resources */ = {isa = PBXBuildFile; fileRef = 83110F501DB06A100098BA06 /* Assets.xcassets */; };
		83110F541DB06A100098BA06 /* LaunchScreen.storyboard in Resources */ = {isa = PBXBuildFile; fileRef = 83110F521DB06A100098BA06 /* LaunchScreen.storyboard */; };
		83110F5D1DB06DC80098BA06 /* MapKit.framework in Frameworks */ = {isa = PBXBuildFile; fileRef = 83110F5C1DB06DC80098BA06 /* MapKit.framework */; };
/* End PBXBuildFile section */

/* Begin PBXFileReference section */
		83110F461DB06A100098BA06 /* Marcando la ruta.app */ = {isa = PBXFileReference; explicitFileType = wrapper.application; includeInIndex = 0; path = "Marcando la ruta.app"; sourceTree = BUILT_PRODUCTS_DIR; };
		83110F491DB06A100098BA06 /* AppDelegate.swift */ = {isa = PBXFileReference; lastKnownFileType = sourcecode.swift; path = AppDelegate.swift; sourceTree = "<group>"; };
		83110F4B1DB06A100098BA06 /* ViewController.swift */ = {isa = PBXFileReference; lastKnownFileType = sourcecode.swift; path = ViewController.swift; sourceTree = "<group>"; };
		83110F4E1DB06A100098BA06 /* Base */ = {isa = PBXFileReference; lastKnownFileType = file.storyboard; name = Base; path = Base.lproj/Main.storyboard; sourceTree = "<group>"; };
		83110F501DB06A100098BA06 /* Assets.xcassets */ = {isa = PBXFileReference; lastKnownFileType = folder.assetcatalog; path = Assets.xcassets; sourceTree = "<group>"; };
		83110F531DB06A100098BA06 /* Base */ = {isa = PBXFileReference; lastKnownFileType = file.storyboard; name = Base; path = Base.lproj/LaunchScreen.storyboard; sourceTree = "<group>"; };
		83110F551DB06A100098BA06 /* Info.plist */ = {isa = PBXFileReference; lastKnownFileType = text.plist.xml; path = Info.plist; sourceTree = "<group>"; };
		83110F5C1DB06DC80098BA06 /* MapKit.framework */ = {isa = PBXFileReference; lastKnownFileType = wrapper.framework; name = MapKit.framework; path = System/Library/Frameworks/MapKit.framework; sourceTree = SDKROOT; };
/* End PBXFileReference section */

/* Begin PBXFrameworksBuildPhase section */
		83110F431DB06A0F0098BA06 /* Frameworks */ = {
			isa = PBXFrameworksBuildPhase;
			buildActionMask = 2147483647;
			files = (
				83110F5D1DB06DC80098BA06 /* MapKit.framework in Frameworks */,
			);
			runOnlyForDeploymentPostprocessing = 0;
		};
/* End PBXFrameworksBuildPhase section */

/* Begin PBXGroup section */
		83110F3D1DB06A0F0098BA06 = {
			isa = PBXGroup;
			children = (
				83110F481DB06A100098BA06 /* Marcando la ruta */,
				83110F471DB06A100098BA06 /* Products */,
				83110F5B1DB06DC80098BA06 /* Frameworks */,
			);
			sourceTree = "<group>";
		};
		83110F471DB06A100098BA06 /* Products */ = {
			isa = PBXGroup;
			children = (
				83110F461DB06A100098BA06 /* Marcando la ruta.app */,
			);
			name = Products;
			sourceTree = "<group>";
		};
		83110F481DB06A100098BA06 /* Marcando la ruta */ = {
			isa = PBXGroup;
			children = (
				83110F491DB06A100098BA06 /* AppDelegate.swift */,
				83110F4B1DB06A100098BA06 /* ViewController.swift */,
				83110F4D1DB06A100098BA06 /* Main.storyboard */,
				83110F501DB06A100098BA06 /* Assets.xcassets */,
				83110F521DB06A100098BA06 /* LaunchScreen.storyboard */,
				83110F551DB06A100098BA06 /* Info.plist */,
			);
			path = "Marcando la ruta";
			sourceTree = "<group>";
		};
		83110F5B1DB06DC80098BA06 /* Frameworks */ = {
			isa = PBXGroup;
			children = (
				83110F5C1DB06DC80098BA06 /* MapKit.framework */,
			);
			name = Frameworks;
			sourceTree = "<group>";
		};
/* End PBXGroup section */

/* Begin PBXNativeTarget section */
		83110F451DB06A0F0098BA06 /* Marcando la ruta */ = {
			isa = PBXNativeTarget;
			buildConfigurationList = 83110F581DB06A100098BA06 /* Build configuration list for PBXNativeTarget "Marcando la ruta" */;
			buildPhases = (
				83110F421DB06A0F0098BA06 /* Sources */,
				83110F431DB06A0F0098BA06 /* Frameworks */,
				83110F441DB06A0F0098BA06 /* Resources */,
			);
			buildRules = (
			);
			dependencies = (
			);
			name = "Marcando la ruta";
			productName = "Marcando la ruta";
			productReference = 83110F461DB06A100098BA06 /* Marcando la ruta.app */;
			productType = "com.apple.product-type.application";
		};
/* End PBXNativeTarget section */

/* Begin PBXProject section */
		83110F3E1DB06A0F0098BA06 /* Project object */ = {
			isa = PBXProject;
			attributes = {
				LastSwiftUpdateCheck = 0800;
				LastUpgradeCheck = 0800;
				ORGANIZATIONNAME = ITESO;
				TargetAttributes = {
					83110F451DB06A0F0098BA06 = {
						CreatedOnToolsVersion = 8.0;
						DevelopmentTeam = Z63GM6CBUH;
						ProvisioningStyle = Automatic;
						SystemCapabilities = {
							com.apple.Maps.iOS = {
								enabled = 1;
							};
						};
					};
				};
			};
			buildConfigurationList = 83110F411DB06A0F0098BA06 /* Build configuration list for PBXProject "Marcando la ruta" */;
			compatibilityVersion = "Xcode 3.2";
			developmentRegion = English;
			hasScannedForEncodings = 0;
			knownRegions = (
				en,
				Base,
			);
			mainGroup = 83110F3D1DB06A0F0098BA06;
			productRefGroup = 83110F471DB06A100098BA06 /* Products */;
			projectDirPath = "";
			projectRoot = "";
			targets = (
				83110F451DB06A0F0098BA06 /* Marcando la ruta */,
			);
		};
/* End PBXProject section */

/* Begin PBXResourcesBuildPhase section */
		83110F441DB06A0F0098BA06 /* Resources */ = {
			isa = PBXResourcesBuildPhase;
			buildActionMask = 2147483647;
			files = (
				83110F541DB06A100098BA06 /* LaunchScreen.storyboard in Resources */,
				83110F511DB06A100098BA06 /* Assets.xcassets in Resources */,
				83110F4F1DB06A100098BA06 /* Main.storyboard in Resources */,
			);
			runOnlyForDeploymentPostprocessing = 0;
		};
/* End PBXResourcesBuildPhase section */

/* Begin PBXSourcesBuildPhase section */
		83110F421DB06A0F0098BA06 /* Sources */ = {
			isa = PBXSourcesBuildPhase;
			buildActionMask = 2147483647;
			files = (
				83110F4C1DB06A100098BA06 /* ViewController.swift in Sources */,
				83110F4A1DB06A100098BA06 /* AppDelegate.swift in Sources */,
			);
			runOnlyForDeploymentPostprocessing = 0;
		};
/* End PBXSourcesBuildPhase section */

/* Begin PBXVariantGroup section */
		83110F4D1DB06A100098BA06 /* Main.storyboard */ = {
			isa = PBXVariantGroup;
			children = (
				83110F4E1DB06A100098BA06 /* Base */,
			);
			name = Main.storyboard;
			sourceTree = "<group>";
		};
		83110F521DB06A100098BA06 /* LaunchScreen.storyboard */ = {
			isa = PBXVariantGroup;
			children = (
				83110F531DB06A100098BA06 /* Base */,
			);
			name = LaunchScreen.storyboard;
			sourceTree = "<group>";
		};
/* End PBXVariantGroup section */

/* Begin XCBuildConfiguration section */
		83110F561DB06A100098BA06 /* Debug */ = {
			isa = XCBuildConfiguration;
			buildSettings = {
				ALWAYS_SEARCH_USER_PATHS = NO;
				CLANG_ANALYZER_NONNULL = YES;
				CLANG_CXX_LANGUAGE_STANDARD = "gnu++0x";
				CLANG_CXX_LIBRARY = "libc++";
				CLANG_ENABLE_MODULES = YES;
				CLANG_ENABLE_OBJC_ARC = YES;
				CLANG_WARN_BOOL_CONVERSION = YES;
				CLANG_WARN_CONSTANT_CONVERSION = YES;
				CLANG_WARN_DIRECT_OBJC_ISA_USAGE = YES_ERROR;
				CLANG_WARN_DOCUMENTATION_COMMENTS = YES;
				CLANG_WARN_EMPTY_BODY = YES;
				CLANG_WARN_ENUM_CONVERSION = YES;
				CLANG_WARN_INFINITE_RECURSION = YES;
				CLANG_WARN_INT_CONVERSION = YES;
				CLANG_WARN_OBJC_ROOT_CLASS = YES_ERROR;
				CLANG_WARN_SUSPICIOUS_MOVES = YES;
				CLANG_WARN_UNREACHABLE_CODE = YES;
				CLANG_WARN__DUPLICATE_METHOD_MATCH = YES;
				"CODE_SIGN_IDENTITY[sdk=iphoneos*]" = "iPhone Developer";
				COPY_PHASE_STRIP = NO;
				DEBUG_INFORMATION_FORMAT = dwarf;
				ENABLE_STRICT_OBJC_MSGSEND = YES;
				ENABLE_TESTABILITY = YES;
				GCC_C_LANGUAGE_STANDARD = gnu99;
				GCC_DYNAMIC_NO_PIC = NO;
				GCC_NO_COMMON_BLOCKS = YES;
				GCC_OPTIMIZATION_LEVEL = 0;
				GCC_PREPROCESSOR_DEFINITIONS = (
					"DEBUG=1",
					"$(inherited)",
				);
				GCC_WARN_64_TO_32_BIT_CONVERSION = YES;
				GCC_WARN_ABOUT_RETURN_TYPE = YES_ERROR;
				GCC_WARN_UNDECLARED_SELECTOR = YES;
				GCC_WARN_UNINITIALIZED_AUTOS = YES_AGGRESSIVE;
				GCC_WARN_UNUSED_FUNCTION = YES;
				GCC_WARN_UNUSED_VARIABLE = YES;
				IPHONEOS_DEPLOYMENT_TARGET = 10.0;
				MTL_ENABLE_DEBUG_INFO = YES;
				ONLY_ACTIVE_ARCH = YES;
				SDKROOT = iphoneos;
				SWIFT_ACTIVE_COMPILATION_CONDITIONS = DEBUG;
				SWIFT_OPTIMIZATION_LEVEL = "-Onone";
			};
			name = Debug;
		};
		83110F571DB06A100098BA06 /* Release */ = {
			isa = XCBuildConfiguration;
			buildSettings = {
				ALWAYS_SEARCH_USER_PATHS = NO;
				CLANG_ANALYZER_NONNULL = YES;
				CLANG_CXX_LANGUAGE_STANDARD = "gnu++0x";
				CLANG_CXX_LIBRARY = "libc++";
				CLANG_ENABLE_MODULES = YES;
				CLANG_ENABLE_OBJC_ARC = YES;
				CLANG_WARN_BOOL_CONVERSION = YES;
				CLANG_WARN_CONSTANT_CONVERSION = YES;
				CLANG_WARN_DIRECT_OBJC_ISA_USAGE = YES_ERROR;
				CLANG_WARN_DOCUMENTATION_COMMENTS = YES;
				CLANG_WARN_EMPTY_BODY = YES;
				CLANG_WARN_ENUM_CONVERSION = YES;
				CLANG_WARN_INFINITE_RECURSION = YES;
				CLANG_WARN_INT_CONVERSION = YES;
				CLANG_WARN_OBJC_ROOT_CLASS = YES_ERROR;
				CLANG_WARN_SUSPICIOUS_MOVES = YES;
				CLANG_WARN_UNREACHABLE_CODE = YES;
				CLANG_WARN__DUPLICATE_METHOD_MATCH = YES;
				"CODE_SIGN_IDENTITY[sdk=iphoneos*]" = "iPhone Developer";
				COPY_PHASE_STRIP = NO;
				DEBUG_INFORMATION_FORMAT = "dwarf-with-dsym";
				ENABLE_NS_ASSERTIONS = NO;
				ENABLE_STRICT_OBJC_MSGSEND = YES;
				GCC_C_LANGUAGE_STANDARD = gnu99;
				GCC_NO_COMMON_BLOCKS = YES;
				GCC_WARN_64_TO_32_BIT_CONVERSION = YES;
				GCC_WARN_ABOUT_RETURN_TYPE = YES_ERROR;
				GCC_WARN_UNDECLARED_SELECTOR = YES;
				GCC_WARN_UNINITIALIZED_AUTOS = YES_AGGRESSIVE;
				GCC_WARN_UNUSED_FUNCTION = YES;
				GCC_WARN_UNUSED_VARIABLE = YES;
				IPHONEOS_DEPLOYMENT_TARGET = 10.0;
				MTL_ENABLE_DEBUG_INFO = NO;
				SDKROOT = iphoneos;
				SWIFT_OPTIMIZATION_LEVEL = "-Owholemodule";
				VALIDATE_PRODUCT = YES;
			};
			name = Release;
		};
		83110F591DB06A100098BA06 /* Debug */ = {
			isa = XCBuildConfiguration;
			buildSettings = {
				ASSETCATALOG_COMPILER_APPICON_NAME = AppIcon;
				DEVELOPMENT_TEAM = Z63GM6CBUH;
				INFOPLIST_FILE = "Marcando la ruta/Info.plist";
				LD_RUNPATH_SEARCH_PATHS = "$(inherited) @executable_path/Frameworks";
				PRODUCT_BUNDLE_IDENTIFIER = "com.uLab.Marcando-la-ruta";
				PRODUCT_NAME = "$(TARGET_NAME)";
				SWIFT_VERSION = 3.0;
			};
			name = Debug;
		};
		83110F5A1DB06A100098BA06 /* Release */ = {
			isa = XCBuildConfiguration;
			buildSettings = {
				ASSETCATALOG_COMPILER_APPICON_NAME = AppIcon;
				DEVELOPMENT_TEAM = Z63GM6CBUH;
				INFOPLIST_FILE = "Marcando la ruta/Info.plist";
				LD_RUNPATH_SEARCH_PATHS = "$(inherited) @executable_path/Frameworks";
				PRODUCT_BUNDLE_IDENTIFIER = "com.uLab.Marcando-la-ruta";
				PRODUCT_NAME = "$(TARGET_NAME)";
				SWIFT_VERSION = 3.0;
			};
			name = Release;
		};
/* End XCBuildConfiguration section */

/* Begin XCConfigurationList section */
		83110F411DB06A0F0098BA06 /* Build configuration list for PBXProject "Marcando la ruta" */ = {
			isa = XCConfigurationList;
			buildConfigurations = (
				83110F561DB06A100098BA06 /* Debug */,
				83110F571DB06A100098BA06 /* Release */,
			);
			defaultConfigurationIsVisible = 0;
			defaultConfigurationName = Release;
		};
		83110F581DB06A100098BA06 /* Build configuration list for PBXNativeTarget "Marcando la ruta" */ = {
			isa = XCConfigurationList;
			buildConfigurations = (
				83110F591DB06A100098BA06 /* Debug */,
				83110F5A1DB06A100098BA06 /* Release */,
			);
			defaultConfigurationIsVisible = 0;
		};
/* End XCConfigurationList section */
	};
	rootObject = 83110F3E1DB06A0F0098BA06 /* Project object */;
}
